
Microsoft Visual Studio Solution File, Format Version 12.00
# Visual Studio 15
VisualStudioVersion = 15.0.28010.2036
MinimumVisualStudioVersion = 10.0.40219.1
Project("{FAE04EC0-301F-11D3-BF4B-00C04F79EFBC}") = "ConsoleAppTask1", "ConsoleAppTask1\ConsoleAppTask1.csproj", "{D57C9912-2CB8-49AC-B15A-90CD0431E883}"
EndProject
Global
	GlobalSection(SolutionConfigurationPlatforms) = preSolution
		Debug|Any CPU = Debug|Any CPU
		Release|Any CPU = Release|Any CPU
	EndGlobalSection
	GlobalSection(ProjectConfigurationPlatforms) = postSolution
		{D57C9912-2CB8-49AC-B15A-90CD0431E883}.Debug|Any CPU.ActiveCfg = Debug|Any CPU
		{D57C9912-2CB8-49AC-B15A-90CD0431E883}.Debug|Any CPU.Build.0 = Debug|Any CPU
		{D57C9912-2CB8-49AC-B15A-90CD0431E883}.Release|Any CPU.ActiveCfg = Release|Any CPU
		{D57C9912-2CB8-49AC-B15A-90CD0431E883}.Release|Any CPU.Build.0 = Release|Any CPU
	EndGlobalSection
	GlobalSection(SolutionProperties) = preSolution
		HideSolutionNode = FALSE
	EndGlobalSection
	GlobalSection(ExtensibilityGlobals) = postSolution
		SolutionGuid = {CA0A0B45-9819-4418-9444-DA8157EEBAF4}
	EndGlobalSection
EndGlobal
